
Microsoft Visual Studio Solution File, Format Version 12.00
# Visual Studio 2013
VisualStudioVersion = 12.0.40629.0
MinimumVisualStudioVersion = 10.0.40219.1
Project("{8BC9CEB8-8B4A-11D0-8D11-00A0C91BC942}") = "FinishCS", "FinishCS.vcxproj", "{EEC8A035-33B2-BF3E-5D99-9DBABD7DE906}"
EndProject
Global
	GlobalSection(SolutionConfigurationPlatforms) = preSolution
		101112|Win32 = 101112|Win32
		101112|x64 = 101112|x64
		9Hua_D_040506|Win32 = 9Hua_D_040506|Win32
		9Hua_D_040506|x64 = 9Hua_D_040506|x64
		D_101112_xdj|Win32 = D_101112_xdj|Win32
		D_101112_xdj|x64 = D_101112_xdj|x64
		D_ZW_2015+_xdj|Win32 = D_ZW_2015+_xdj|Win32
		D_ZW_2015+_xdj|x64 = D_ZW_2015+_xdj|x64
		D02|Win32 = D02|Win32
		D02|x64 = D02|x64
		D040506|Win32 = D040506|Win32
		D040506|x64 = D040506|x64
		D070809|Win32 = D070809|Win32
		D070809|x64 = D070809|x64
		D101112|Win32 = D101112|Win32
		D101112|x64 = D101112|x64
		D1314|Win32 = D1314|Win32
		D1314|x64 = D1314|x64
		DBL_R_02_NET|Win32 = DBL_R_02_NET|Win32
		DBL_R_02_NET|x64 = DBL_R_02_NET|x64
		DBL_R_02|Win32 = DBL_R_02|Win32
		DBL_R_02|x64 = DBL_R_02|x64
		DBL_R_040506_NET|Win32 = DBL_R_040506_NET|Win32
		DBL_R_040506_NET|x64 = DBL_R_040506_NET|x64
		DBL_R_040506_VIRBOX|Win32 = DBL_R_040506_VIRBOX|Win32
		DBL_R_040506_VIRBOX|x64 = DBL_R_040506_VIRBOX|x64
		DBL_R_040506|Win32 = DBL_R_040506|Win32
		DBL_R_040506|x64 = DBL_R_040506|x64
		DBL_R_070809_NET|Win32 = DBL_R_070809_NET|Win32
		DBL_R_070809_NET|x64 = DBL_R_070809_NET|x64
		DBL_R_070809_VIRBOX|Win32 = DBL_R_070809_VIRBOX|Win32
		DBL_R_070809_VIRBOX|x64 = DBL_R_070809_VIRBOX|x64
		DBL_R_070809|Win32 = DBL_R_070809|Win32
		DBL_R_070809|x64 = DBL_R_070809|x64
		DBL_R_101112_NET|Win32 = DBL_R_101112_NET|Win32
		DBL_R_101112_NET|x64 = DBL_R_101112_NET|x64
		DBL_R_101112_VIRBOX|Win32 = DBL_R_101112_VIRBOX|Win32
		DBL_R_101112_VIRBOX|x64 = DBL_R_101112_VIRBOX|x64
		DBL_R_101112|Win32 = DBL_R_101112|Win32
		DBL_R_101112|x64 = DBL_R_101112|x64
		DBL_R_1314_NET|Win32 = DBL_R_1314_NET|Win32
		DBL_R_1314_NET|x64 = DBL_R_1314_NET|x64
		DBL_R_1314_VIRBOX|Win32 = DBL_R_1314_VIRBOX|Win32
		DBL_R_1314_VIRBOX|x64 = DBL_R_1314_VIRBOX|x64
		DBL_R_1314|Win32 = DBL_R_1314|Win32
		DBL_R_1314|x64 = DBL_R_1314|x64
		Debug_040506_CBJYQ_HAINAN|Win32 = Debug_040506_CBJYQ_HAINAN|Win32
		Debug_040506_CBJYQ_HAINAN|x64 = Debug_040506_CBJYQ_HAINAN|x64
		Debug_040506_CBJYQ_xdj|Win32 = Debug_040506_CBJYQ_xdj|Win32
		Debug_040506_CBJYQ_xdj|x64 = Debug_040506_CBJYQ_xdj|x64
		Debug_040506_DONGGUAN_xdj|Win32 = Debug_040506_DONGGUAN_xdj|Win32
		Debug_040506_DONGGUAN_xdj|x64 = Debug_040506_DONGGUAN_xdj|x64
		Debug_040506_GUANGDONG_CBJYQ_xdj|Win32 = Debug_040506_GUANGDONG_CBJYQ_xdj|Win32
		Debug_040506_GUANGDONG_CBJYQ_xdj|x64 = Debug_040506_GUANGDONG_CBJYQ_xdj|x64
		Debug_040506_HAERBIN_CBJYQ_xdj|Win32 = Debug_040506_HAERBIN_CBJYQ_xdj|Win32
		Debug_040506_HAERBIN_CBJYQ_xdj|x64 = Debug_040506_HAERBIN_CBJYQ_xdj|x64
		Debug_040506_HB_CBJYQ_xdj|Win32 = Debug_040506_HB_CBJYQ_xdj|Win32
		Debug_040506_HB_CBJYQ_xdj|x64 = Debug_040506_HB_CBJYQ_xdj|x64
		Debug_040506_JIUHUA_xdj|Win32 = Debug_040506_JIUHUA_xdj|Win32
		Debug_040506_JIUHUA_xdj|x64 = Debug_040506_JIUHUA_xdj|x64
		Debug_040506_xdj|Win32 = Debug_040506_xdj|Win32
		Debug_040506_xdj|x64 = Debug_040506_xdj|x64
		Debug_040506|Win32 = Debug_040506|Win32
		Debug_040506|x64 = Debug_040506|x64
		Debug_101112|Win32 = Debug_101112|Win32
		Debug_101112|x64 = Debug_101112|x64
		Debug|Win32 = Debug|Win32
		Debug|x64 = Debug|x64
		DGGTJ_D_040506|Win32 = DGGTJ_D_040506|Win32
		DGGTJ_D_040506|x64 = DGGTJ_D_040506|x64
		DGGTJ_R_040506|Win32 = DGGTJ_R_040506|Win32
		DGGTJ_R_040506|x64 = DGGTJ_R_040506|x64
		DYN_R_040506|Win32 = DYN_R_040506|Win32
		DYN_R_040506|x64 = DYN_R_040506|x64
		FullDebug|Win32 = FullDebug|Win32
		FullDebug|x64 = FullDebug|x64
		Jingzhou_D_040506|Win32 = Jingzhou_D_040506|Win32
		Jingzhou_D_040506|x64 = Jingzhou_D_040506|x64
		Jingzhou_D_070809|Win32 = Jingzhou_D_070809|Win32
		Jingzhou_D_070809|x64 = Jingzhou_D_070809|x64
		JIUHUA_D_040506|Win32 = JIUHUA_D_040506|Win32
		JIUHUA_D_040506|x64 = JIUHUA_D_040506|x64
		JIUHUA_R_040506|Win32 = JIUHUA_R_040506|Win32
		JIUHUA_R_040506|x64 = JIUHUA_R_040506|x64
		R_040506_CODEMETER_xdj|Win32 = R_040506_CODEMETER_xdj|Win32
		R_040506_CODEMETER_xdj|x64 = R_040506_CODEMETER_xdj|x64
		R_040506_DONGGUAN_xdj|Win32 = R_040506_DONGGUAN_xdj|Win32
		R_040506_DONGGUAN_xdj|x64 = R_040506_DONGGUAN_xdj|x64
		R_040506_HaiNan_CBJYQ_VIRBOX_xdj|Win32 = R_040506_HaiNan_CBJYQ_VIRBOX_xdj|Win32
		R_040506_HaiNan_CBJYQ_VIRBOX_xdj|x64 = R_040506_HaiNan_CBJYQ_VIRBOX_xdj|x64
		R_040506_HaiNan_CBJYQ_xdj|Win32 = R_040506_HaiNan_CBJYQ_xdj|Win32
		R_040506_HaiNan_CBJYQ_xdj|x64 = R_040506_HaiNan_CBJYQ_xdj|x64
		R_040506_JIUHUA_xdj|Win32 = R_040506_JIUHUA_xdj|Win32
		R_040506_JIUHUA_xdj|x64 = R_040506_JIUHUA_xdj|x64
		R_D_101112_xdj|Win32 = R_D_101112_xdj|Win32
		R_D_101112_xdj|x64 = R_D_101112_xdj|x64
		R_ZW_2015+_NET_xdj|Win32 = R_ZW_2015+_NET_xdj|Win32
		R_ZW_2015+_NET_xdj|x64 = R_ZW_2015+_NET_xdj|x64
		Release_040506_CBJYQ_JJB_VIRBOX_xdj|Win32 = Release_040506_CBJYQ_JJB_VIRBOX_xdj|Win32
		Release_040506_CBJYQ_JJB_VIRBOX_xdj|x64 = Release_040506_CBJYQ_JJB_VIRBOX_xdj|x64
		Release_040506_CBJYQ_VIRBOX_NET_xdj|Win32 = Release_040506_CBJYQ_VIRBOX_NET_xdj|Win32
		Release_040506_CBJYQ_VIRBOX_NET_xdj|x64 = Release_040506_CBJYQ_VIRBOX_NET_xdj|x64
		Release_040506_CBJYQ_VIRBOX_xdj|Win32 = Release_040506_CBJYQ_VIRBOX_xdj|Win32
		Release_040506_CBJYQ_VIRBOX_xdj|x64 = Release_040506_CBJYQ_VIRBOX_xdj|x64
		Release_040506_CBJYQ_xdj|Win32 = Release_040506_CBJYQ_xdj|Win32
		Release_040506_CBJYQ_xdj|x64 = Release_040506_CBJYQ_xdj|x64
		Release_040506_GUANGDONG_CBJYQ_VIRBOX_xdj|Win32 = Release_040506_GUANGDONG_CBJYQ_VIRBOX_xdj|Win32
		Release_040506_GUANGDONG_CBJYQ_VIRBOX_xdj|x64 = Release_040506_GUANGDONG_CBJYQ_VIRBOX_xdj|x64
		Release_040506_GUANGDONG_CBJYQ_xdj|Win32 = Release_040506_GUANGDONG_CBJYQ_xdj|Win32
		Release_040506_GUANGDONG_CBJYQ_xdj|x64 = Release_040506_GUANGDONG_CBJYQ_xdj|x64
		Release_040506_HAERBIN_CBJYQ_NET_VIRBOX_xdj|Win32 = Release_040506_HAERBIN_CBJYQ_NET_VIRBOX_xdj|Win32
		Release_040506_HAERBIN_CBJYQ_NET_VIRBOX_xdj|x64 = Release_040506_HAERBIN_CBJYQ_NET_VIRBOX_xdj|x64
		Release_040506_HaErBin_CBJYQ_VIRBOX_xdj|Win32 = Release_040506_HaErBin_CBJYQ_VIRBOX_xdj|Win32
		Release_040506_HaErBin_CBJYQ_VIRBOX_xdj|x64 = Release_040506_HaErBin_CBJYQ_VIRBOX_xdj|x64
		Release_040506_HB_CBJYQ_VIRBOX_xdj|Win32 = Release_040506_HB_CBJYQ_VIRBOX_xdj|Win32
		Release_040506_HB_CBJYQ_VIRBOX_xdj|x64 = Release_040506_HB_CBJYQ_VIRBOX_xdj|x64
		Release_040506_xdj|Win32 = Release_040506_xdj|Win32
		Release_040506_xdj|x64 = Release_040506_xdj|x64
		Release_040506|Win32 = Release_040506|Win32
		Release_040506|x64 = Release_040506|x64
		Release_101112_CODEMETER_xdj|Win32 = Release_101112_CODEMETER_xdj|Win32
		Release_101112_CODEMETER_xdj|x64 = Release_101112_CODEMETER_xdj|x64
		Release_101112_CODEMETER|Win32 = Release_101112_CODEMETER|Win32
		Release_101112_CODEMETER|x64 = Release_101112_CODEMETER|x64
		Release_101112_NET|Win32 = Release_101112_NET|Win32
		Release_101112_NET|x64 = Release_101112_NET|x64
		Release_101112_xdj|Win32 = Release_101112_xdj|Win32
		Release_101112_xdj|x64 = Release_101112_xdj|x64
		Release_101112|Win32 = Release_101112|Win32
		Release_101112|x64 = Release_101112|x64
		Release|Win32 = Release|Win32
		Release|x64 = Release|x64
		shenzhen_040506|Win32 = shenzhen_040506|Win32
		shenzhen_040506|x64 = shenzhen_040506|x64
		shenzhen_R_040506|Win32 = shenzhen_R_040506|Win32
		shenzhen_R_040506|x64 = shenzhen_R_040506|x64
		Zhengzhou_D_040506|Win32 = Zhengzhou_D_040506|Win32
		Zhengzhou_D_040506|x64 = Zhengzhou_D_040506|x64
		Zhengzhou_R_1314_CODEMETER_xdj|Win32 = Zhengzhou_R_1314_CODEMETER_xdj|Win32
		Zhengzhou_R_1314_CODEMETER_xdj|x64 = Zhengzhou_R_1314_CODEMETER_xdj|x64
		Zhengzhou_R_1314_VIRBOX_xdj|Win32 = Zhengzhou_R_1314_VIRBOX_xdj|Win32
		Zhengzhou_R_1314_VIRBOX_xdj|x64 = Zhengzhou_R_1314_VIRBOX_xdj|x64
		Zhengzhou_R_1314|Win32 = Zhengzhou_R_1314|Win32
		Zhengzhou_R_1314|x64 = Zhengzhou_R_1314|x64
	EndGlobalSection
	GlobalSection(ProjectConfigurationPlatforms) = postSolution
		{EEC8A035-33B2-BF3E-5D99-9DBABD7DE906}.101112|Win32.ActiveCfg = Debug_101112|Win32
		{EEC8A035-33B2-BF3E-5D99-9DBABD7DE906}.101112|Win32.Build.0 = Debug_101112|Win32
		{EEC8A035-33B2-BF3E-5D99-9DBABD7DE906}.101112|x64.ActiveCfg = Debug_101112|x64
		{EEC8A035-33B2-BF3E-5D99-9DBABD7DE906}.101112|x64.Build.0 = Debug_101112|x64
		{EEC8A035-33B2-BF3E-5D99-9DBABD7DE906}.9Hua_D_040506|Win32.ActiveCfg = Release|Win32
		{EEC8A035-33B2-BF3E-5D99-9DBABD7DE906}.9Hua_D_040506|Win32.Build.0 = Release|Win32
		{EEC8A035-33B2-BF3E-5D99-9DBABD7DE906}.9Hua_D_040506|x64.ActiveCfg = Release|x64
		{EEC8A035-33B2-BF3E-5D99-9DBABD7DE906}.9Hua_D_040506|x64.Build.0 = Release|x64
		{EEC8A035-33B2-BF3E-5D99-9DBABD7DE906}.D_101112_xdj|Win32.ActiveCfg = D_101112_xdj|Win32
		{EEC8A035-33B2-BF3E-5D99-9DBABD7DE906}.D_101112_xdj|Win32.Build.0 = D_101112_xdj|Win32
		{EEC8A035-33B2-BF3E-5D99-9DBABD7DE906}.D_101112_xdj|x64.ActiveCfg = D_101112_xdj|x64
		{EEC8A035-33B2-BF3E-5D99-9DBABD7DE906}.D_101112_xdj|x64.Build.0 = D_101112_xdj|x64
		{EEC8A035-33B2-BF3E-5D99-9DBABD7DE906}.D_ZW_2015+_xdj|Win32.ActiveCfg = D_101112_xdj|Win32
		{EEC8A035-33B2-BF3E-5D99-9DBABD7DE906}.D_ZW_2015+_xdj|Win32.Build.0 = D_101112_xdj|Win32
		{EEC8A035-33B2-BF3E-5D99-9DBABD7DE906}.D_ZW_2015+_xdj|x64.ActiveCfg = D_101112_xdj|x64
		{EEC8A035-33B2-BF3E-5D99-9DBABD7DE906}.D_ZW_2015+_xdj|x64.Build.0 = D_101112_xdj|x64
		{EEC8A035-33B2-BF3E-5D99-9DBABD7DE906}.D02|Win32.ActiveCfg = Debug|Win32
		{EEC8A035-33B2-BF3E-5D99-9DBABD7DE906}.D02|Win32.Build.0 = Debug|Win32
		{EEC8A035-33B2-BF3E-5D99-9DBABD7DE906}.D02|x64.ActiveCfg = Debug|x64
		{EEC8A035-33B2-BF3E-5D99-9DBABD7DE906}.D02|x64.Build.0 = Debug|x64
		{EEC8A035-33B2-BF3E-5D99-9DBABD7DE906}.D040506|Win32.ActiveCfg = Debug|Win32
		{EEC8A035-33B2-BF3E-5D99-9DBABD7DE906}.D040506|Win32.Build.0 = Debug|Win32
		{EEC8A035-33B2-BF3E-5D99-9DBABD7DE906}.D040506|x64.ActiveCfg = Debug|x64
		{EEC8A035-33B2-BF3E-5D99-9DBABD7DE906}.D040506|x64.Build.0 = Debug|x64
		{EEC8A035-33B2-BF3E-5D99-9DBABD7DE906}.D070809|Win32.ActiveCfg = Debug|Win32
		{EEC8A035-33B2-BF3E-5D99-9DBABD7DE906}.D070809|Win32.Build.0 = Debug|Win32
		{EEC8A035-33B2-BF3E-5D99-9DBABD7DE906}.D070809|x64.ActiveCfg = Debug|x64
		{EEC8A035-33B2-BF3E-5D99-9DBABD7DE906}.D070809|x64.Build.0 = Debug|x64
		{EEC8A035-33B2-BF3E-5D99-9DBABD7DE906}.D101112|Win32.ActiveCfg = Debug|Win32
		{EEC8A035-33B2-BF3E-5D99-9DBABD7DE906}.D101112|Win32.Build.0 = Debug|Win32
		{EEC8A035-33B2-BF3E-5D99-9DBABD7DE906}.D101112|x64.ActiveCfg = Debug|x64
		{EEC8A035-33B2-BF3E-5D99-9DBABD7DE906}.D101112|x64.Build.0 = Debug|x64
		{EEC8A035-33B2-BF3E-5D99-9DBABD7DE906}.D1314|Win32.ActiveCfg = Debug|Win32
		{EEC8A035-33B2-BF3E-5D99-9DBABD7DE906}.D1314|Win32.Build.0 = Debug|Win32
		{EEC8A035-33B2-BF3E-5D99-9DBABD7DE906}.D1314|x64.ActiveCfg = Debug|x64
		{EEC8A035-33B2-BF3E-5D99-9DBABD7DE906}.D1314|x64.Build.0 = Debug|x64
		{EEC8A035-33B2-BF3E-5D99-9DBABD7DE906}.DBL_R_02_NET|Win32.ActiveCfg = Debug|Win32
		{EEC8A035-33B2-BF3E-5D99-9DBABD7DE906}.DBL_R_02_NET|Win32.Build.0 = Debug|Win32
		{EEC8A035-33B2-BF3E-5D99-9DBABD7DE906}.DBL_R_02_NET|x64.ActiveCfg = Debug|x64
		{EEC8A035-33B2-BF3E-5D99-9DBABD7DE906}.DBL_R_02_NET|x64.Build.0 = Debug|x64
		{EEC8A035-33B2-BF3E-5D99-9DBABD7DE906}.DBL_R_02|Win32.ActiveCfg = Debug|Win32
		{EEC8A035-33B2-BF3E-5D99-9DBABD7DE906}.DBL_R_02|Win32.Build.0 = Debug|Win32
		{EEC8A035-33B2-BF3E-5D99-9DBABD7DE906}.DBL_R_02|x64.ActiveCfg = Debug|x64
		{EEC8A035-33B2-BF3E-5D99-9DBABD7DE906}.DBL_R_02|x64.Build.0 = Debug|x64
		{EEC8A035-33B2-BF3E-5D99-9DBABD7DE906}.DBL_R_040506_NET|Win32.ActiveCfg = Debug|Win32
		{EEC8A035-33B2-BF3E-5D99-9DBABD7DE906}.DBL_R_040506_NET|Win32.Build.0 = Debug|Win32
		{EEC8A035-33B2-BF3E-5D99-9DBABD7DE906}.DBL_R_040506_NET|x64.ActiveCfg = Debug|x64
		{EEC8A035-33B2-BF3E-5D99-9DBABD7DE906}.DBL_R_040506_NET|x64.Build.0 = Debug|x64
		{EEC8A035-33B2-BF3E-5D99-9DBABD7DE906}.DBL_R_040506_VIRBOX|Win32.ActiveCfg = Debug|Win32
		{EEC8A035-33B2-BF3E-5D99-9DBABD7DE906}.DBL_R_040506_VIRBOX|Win32.Build.0 = Debug|Win32
		{EEC8A035-33B2-BF3E-5D99-9DBABD7DE906}.DBL_R_040506_VIRBOX|x64.ActiveCfg = Debug|x64
		{EEC8A035-33B2-BF3E-5D99-9DBABD7DE906}.DBL_R_040506_VIRBOX|x64.Build.0 = Debug|x64
		{EEC8A035-33B2-BF3E-5D99-9DBABD7DE906}.DBL_R_040506|Win32.ActiveCfg = Debug|Win32
		{EEC8A035-33B2-BF3E-5D99-9DBABD7DE906}.DBL_R_040506|Win32.Build.0 = Debug|Win32
		{EEC8A035-33B2-BF3E-5D99-9DBABD7DE906}.DBL_R_040506|x64.ActiveCfg = Debug|x64
		{EEC8A035-33B2-BF3E-5D99-9DBABD7DE906}.DBL_R_040506|x64.Build.0 = Debug|x64
		{EEC8A035-33B2-BF3E-5D99-9DBABD7DE906}.DBL_R_070809_NET|Win32.ActiveCfg = Debug|Win32
		{EEC8A035-33B2-BF3E-5D99-9DBABD7DE906}.DBL_R_070809_NET|Win32.Build.0 = Debug|Win32
		{EEC8A035-33B2-BF3E-5D99-9DBABD7DE906}.DBL_R_070809_NET|x64.ActiveCfg = Debug|x64
		{EEC8A035-33B2-BF3E-5D99-9DBABD7DE906}.DBL_R_070809_NET|x64.Build.0 = Debug|x64
		{EEC8A035-33B2-BF3E-5D99-9DBABD7DE906}.DBL_R_070809_VIRBOX|Win32.ActiveCfg = Debug|Win32
		{EEC8A035-33B2-BF3E-5D99-9DBABD7DE906}.DBL_R_070809_VIRBOX|Win32.Build.0 = Debug|Win32
		{EEC8A035-33B2-BF3E-5D99-9DBABD7DE906}.DBL_R_070809_VIRBOX|x64.ActiveCfg = Debug|x64
		{EEC8A035-33B2-BF3E-5D99-9DBABD7DE906}.DBL_R_070809_VIRBOX|x64.Build.0 = Debug|x64
		{EEC8A035-33B2-BF3E-5D99-9DBABD7DE906}.DBL_R_070809|Win32.ActiveCfg = Debug|Win32
		{EEC8A035-33B2-BF3E-5D99-9DBABD7DE906}.DBL_R_070809|Win32.Build.0 = Debug|Win32
		{EEC8A035-33B2-BF3E-5D99-9DBABD7DE906}.DBL_R_070809|x64.ActiveCfg = Debug|x64
		{EEC8A035-33B2-BF3E-5D99-9DBABD7DE906}.DBL_R_070809|x64.Build.0 = Debug|x64
		{EEC8A035-33B2-BF3E-5D99-9DBABD7DE906}.DBL_R_101112_NET|Win32.ActiveCfg = Debug|Win32
		{EEC8A035-33B2-BF3E-5D99-9DBABD7DE906}.DBL_R_101112_NET|Win32.Build.0 = Debug|Win32
		{EEC8A035-33B2-BF3E-5D99-9DBABD7DE906}.DBL_R_101112_NET|x64.ActiveCfg = Debug|x64
		{EEC8A035-33B2-BF3E-5D99-9DBABD7DE906}.DBL_R_101112_NET|x64.Build.0 = Debug|x64
		{EEC8A035-33B2-BF3E-5D99-9DBABD7DE906}.DBL_R_101112_VIRBOX|Win32.ActiveCfg = Debug|Win32
		{EEC8A035-33B2-BF3E-5D99-9DBABD7DE906}.DBL_R_101112_VIRBOX|Win32.Build.0 = Debug|Win32
		{EEC8A035-33B2-BF3E-5D99-9DBABD7DE906}.DBL_R_101112_VIRBOX|x64.ActiveCfg = Debug|x64
		{EEC8A035-33B2-BF3E-5D99-9DBABD7DE906}.DBL_R_101112_VIRBOX|x64.Build.0 = Debug|x64
		{EEC8A035-33B2-BF3E-5D99-9DBABD7DE906}.DBL_R_101112|Win32.ActiveCfg = Debug|Win32
		{EEC8A035-33B2-BF3E-5D99-9DBABD7DE906}.DBL_R_101112|Win32.Build.0 = Debug|Win32
		{EEC8A035-33B2-BF3E-5D99-9DBABD7DE906}.DBL_R_101112|x64.ActiveCfg = Debug|x64
		{EEC8A035-33B2-BF3E-5D99-9DBABD7DE906}.DBL_R_101112|x64.Build.0 = Debug|x64
		{EEC8A035-33B2-BF3E-5D99-9DBABD7DE906}.DBL_R_1314_NET|Win32.ActiveCfg = Debug|Win32
		{EEC8A035-33B2-BF3E-5D99-9DBABD7DE906}.DBL_R_1314_NET|Win32.Build.0 = Debug|Win32
		{EEC8A035-33B2-BF3E-5D99-9DBABD7DE906}.DBL_R_1314_NET|x64.ActiveCfg = Debug|x64
		{EEC8A035-33B2-BF3E-5D99-9DBABD7DE906}.DBL_R_1314_NET|x64.Build.0 = Debug|x64
		{EEC8A035-33B2-BF3E-5D99-9DBABD7DE906}.DBL_R_1314_VIRBOX|Win32.ActiveCfg = Debug|Win32
		{EEC8A035-33B2-BF3E-5D99-9DBABD7DE906}.DBL_R_1314_VIRBOX|Win32.Build.0 = Debug|Win32
		{EEC8A035-33B2-BF3E-5D99-9DBABD7DE906}.DBL_R_1314_VIRBOX|x64.ActiveCfg = Debug|x64
		{EEC8A035-33B2-BF3E-5D99-9DBABD7DE906}.DBL_R_1314_VIRBOX|x64.Build.0 = Debug|x64
		{EEC8A035-33B2-BF3E-5D99-9DBABD7DE906}.DBL_R_1314|Win32.ActiveCfg = Debug|Win32
		{EEC8A035-33B2-BF3E-5D99-9DBABD7DE906}.DBL_R_1314|Win32.Build.0 = Debug|Win32
		{EEC8A035-33B2-BF3E-5D99-9DBABD7DE906}.DBL_R_1314|x64.ActiveCfg = Debug|x64
		{EEC8A035-33B2-BF3E-5D99-9DBABD7DE906}.DBL_R_1314|x64.Build.0 = Debug|x64
		{EEC8A035-33B2-BF3E-5D99-9DBABD7DE906}.Debug_040506_CBJYQ_HAINAN|Win32.ActiveCfg = Debug_040506|Win32
		{EEC8A035-33B2-BF3E-5D99-9DBABD7DE906}.Debug_040506_CBJYQ_HAINAN|Win32.Build.0 = Debug_040506|Win32
		{EEC8A035-33B2-BF3E-5D99-9DBABD7DE906}.Debug_040506_CBJYQ_HAINAN|x64.ActiveCfg = Debug_040506|x64
		{EEC8A035-33B2-BF3E-5D99-9DBABD7DE906}.Debug_040506_CBJYQ_HAINAN|x64.Build.0 = Debug_040506|x64
		{EEC8A035-33B2-BF3E-5D99-9DBABD7DE906}.Debug_040506_CBJYQ_xdj|Win32.ActiveCfg = Debug_040506|Win32
		{EEC8A035-33B2-BF3E-5D99-9DBABD7DE906}.Debug_040506_CBJYQ_xdj|Win32.Build.0 = Debug_040506|Win32
		{EEC8A035-33B2-BF3E-5D99-9DBABD7DE906}.Debug_040506_CBJYQ_xdj|x64.ActiveCfg = Debug_040506|x64
		{EEC8A035-33B2-BF3E-5D99-9DBABD7DE906}.Debug_040506_CBJYQ_xdj|x64.Build.0 = Debug_040506|x64
		{EEC8A035-33B2-BF3E-5D99-9DBABD7DE906}.Debug_040506_DONGGUAN_xdj|Win32.ActiveCfg = Debug_040506|Win32
		{EEC8A035-33B2-BF3E-5D99-9DBABD7DE906}.Debug_040506_DONGGUAN_xdj|Win32.Build.0 = Debug_040506|Win32
		{EEC8A035-33B2-BF3E-5D99-9DBABD7DE906}.Debug_040506_DONGGUAN_xdj|x64.ActiveCfg = Debug_040506|x64
		{EEC8A035-33B2-BF3E-5D99-9DBABD7DE906}.Debug_040506_DONGGUAN_xdj|x64.Build.0 = Debug_040506|x64
		{EEC8A035-33B2-BF3E-5D99-9DBABD7DE906}.Debug_040506_GUANGDONG_CBJYQ_xdj|Win32.ActiveCfg = Debug_040506|Win32
		{EEC8A035-33B2-BF3E-5D99-9DBABD7DE906}.Debug_040506_GUANGDONG_CBJYQ_xdj|Win32.Build.0 = Debug_040506|Win32
		{EEC8A035-33B2-BF3E-5D99-9DBABD7DE906}.Debug_040506_GUANGDONG_CBJYQ_xdj|x64.ActiveCfg = Debug_040506|x64
		{EEC8A035-33B2-BF3E-5D99-9DBABD7DE906}.Debug_040506_GUANGDONG_CBJYQ_xdj|x64.Build.0 = Debug_040506|x64
		{EEC8A035-33B2-BF3E-5D99-9DBABD7DE906}.Debug_040506_HAERBIN_CBJYQ_xdj|Win32.ActiveCfg = Debug_040506|Win32
		{EEC8A035-33B2-BF3E-5D99-9DBABD7DE906}.Debug_040506_HAERBIN_CBJYQ_xdj|Win32.Build.0 = Debug_040506|Win32
		{EEC8A035-33B2-BF3E-5D99-9DBABD7DE906}.Debug_040506_HAERBIN_CBJYQ_xdj|x64.ActiveCfg = Debug_040506|x64
		{EEC8A035-33B2-BF3E-5D99-9DBABD7DE906}.Debug_040506_HAERBIN_CBJYQ_xdj|x64.Build.0 = Debug_040506|x64
		{EEC8A035-33B2-BF3E-5D99-9DBABD7DE906}.Debug_040506_HB_CBJYQ_xdj|Win32.ActiveCfg = Debug_040506|Win32
		{EEC8A035-33B2-BF3E-5D99-9DBABD7DE906}.Debug_040506_HB_CBJYQ_xdj|Win32.Build.0 = Debug_040506|Win32
		{EEC8A035-33B2-BF3E-5D99-9DBABD7DE906}.Debug_040506_HB_CBJYQ_xdj|x64.ActiveCfg = Debug_040506|x64
		{EEC8A035-33B2-BF3E-5D99-9DBABD7DE906}.Debug_040506_HB_CBJYQ_xdj|x64.Build.0 = Debug_040506|x64
		{EEC8A035-33B2-BF3E-5D99-9DBABD7DE906}.Debug_040506_JIUHUA_xdj|Win32.ActiveCfg = Debug_040506|Win32
		{EEC8A035-33B2-BF3E-5D99-9DBABD7DE906}.Debug_040506_JIUHUA_xdj|Win32.Build.0 = Debug_040506|Win32
		{EEC8A035-33B2-BF3E-5D99-9DBABD7DE906}.Debug_040506_JIUHUA_xdj|x64.ActiveCfg = Debug_040506|x64
		{EEC8A035-33B2-BF3E-5D99-9DBABD7DE906}.Debug_040506_JIUHUA_xdj|x64.Build.0 = Debug_040506|x64
		{EEC8A035-33B2-BF3E-5D99-9DBABD7DE906}.Debug_040506_xdj|Win32.ActiveCfg = Debug_040506|Win32
		{EEC8A035-33B2-BF3E-5D99-9DBABD7DE906}.Debug_040506_xdj|Win32.Build.0 = Debug_040506|Win32
		{EEC8A035-33B2-BF3E-5D99-9DBABD7DE906}.Debug_040506_xdj|x64.ActiveCfg = Debug_040506|x64
		{EEC8A035-33B2-BF3E-5D99-9DBABD7DE906}.Debug_040506_xdj|x64.Build.0 = Debug_040506|x64
		{EEC8A035-33B2-BF3E-5D99-9DBABD7DE906}.Debug_040506|Win32.ActiveCfg = Debug_040506|Win32
		{EEC8A035-33B2-BF3E-5D99-9DBABD7DE906}.Debug_040506|Win32.Build.0 = Debug_040506|Win32
		{EEC8A035-33B2-BF3E-5D99-9DBABD7DE906}.Debug_040506|x64.ActiveCfg = Debug_040506|x64
		{EEC8A035-33B2-BF3E-5D99-9DBABD7DE906}.Debug_040506|x64.Build.0 = Debug_040506|x64
		{EEC8A035-33B2-BF3E-5D99-9DBABD7DE906}.Debug_101112|Win32.ActiveCfg = Debug_101112|Win32
		{EEC8A035-33B2-BF3E-5D99-9DBABD7DE906}.Debug_101112|Win32.Build.0 = Debug_101112|Win32
		{EEC8A035-33B2-BF3E-5D99-9DBABD7DE906}.Debug_101112|x64.ActiveCfg = Debug_101112|x64
		{EEC8A035-33B2-BF3E-5D99-9DBABD7DE906}.Debug_101112|x64.Build.0 = Debug_101112|x64
		{EEC8A035-33B2-BF3E-5D99-9DBABD7DE906}.Debug|Win32.ActiveCfg = Debug|Win32
		{EEC8A035-33B2-BF3E-5D99-9DBABD7DE906}.Debug|Win32.Build.0 = Debug|Win32
		{EEC8A035-33B2-BF3E-5D99-9DBABD7DE906}.Debug|x64.ActiveCfg = Debug|x64
		{EEC8A035-33B2-BF3E-5D99-9DBABD7DE906}.Debug|x64.Build.0 = Debug|x64
		{EEC8A035-33B2-BF3E-5D99-9DBABD7DE906}.DGGTJ_D_040506|Win32.ActiveCfg = Debug|Win32
		{EEC8A035-33B2-BF3E-5D99-9DBABD7DE906}.DGGTJ_D_040506|Win32.Build.0 = Debug|Win32
		{EEC8A035-33B2-BF3E-5D99-9DBABD7DE906}.DGGTJ_D_040506|x64.ActiveCfg = Debug|x64
		{EEC8A035-33B2-BF3E-5D99-9DBABD7DE906}.DGGTJ_D_040506|x64.Build.0 = Debug|x64
		{EEC8A035-33B2-BF3E-5D99-9DBABD7DE906}.DGGTJ_R_040506|Win32.ActiveCfg = Debug|Win32
		{EEC8A035-33B2-BF3E-5D99-9DBABD7DE906}.DGGTJ_R_040506|Win32.Build.0 = Debug|Win32
		{EEC8A035-33B2-BF3E-5D99-9DBABD7DE906}.DGGTJ_R_040506|x64.ActiveCfg = Debug|x64
		{EEC8A035-33B2-BF3E-5D99-9DBABD7DE906}.DGGTJ_R_040506|x64.Build.0 = Debug|x64
		{EEC8A035-33B2-BF3E-5D99-9DBABD7DE906}.DYN_R_040506|Win32.ActiveCfg = Debug|Win32
		{EEC8A035-33B2-BF3E-5D99-9DBABD7DE906}.DYN_R_040506|Win32.Build.0 = Debug|Win32
		{EEC8A035-33B2-BF3E-5D99-9DBABD7DE906}.DYN_R_040506|x64.ActiveCfg = Debug|x64
		{EEC8A035-33B2-BF3E-5D99-9DBABD7DE906}.DYN_R_040506|x64.Build.0 = Debug|x64
		{EEC8A035-33B2-BF3E-5D99-9DBABD7DE906}.FullDebug|Win32.ActiveCfg = FullDebug|Win32
		{EEC8A035-33B2-BF3E-5D99-9DBABD7DE906}.FullDebug|Win32.Build.0 = FullDebug|Win32
		{EEC8A035-33B2-BF3E-5D99-9DBABD7DE906}.FullDebug|x64.ActiveCfg = FullDebug|x64
		{EEC8A035-33B2-BF3E-5D99-9DBABD7DE906}.FullDebug|x64.Build.0 = FullDebug|x64
		{EEC8A035-33B2-BF3E-5D99-9DBABD7DE906}.Jingzhou_D_040506|Win32.ActiveCfg = Release|Win32
		{EEC8A035-33B2-BF3E-5D99-9DBABD7DE906}.Jingzhou_D_040506|Win32.Build.0 = Release|Win32
		{EEC8A035-33B2-BF3E-5D99-9DBABD7DE906}.Jingzhou_D_040506|x64.ActiveCfg = Release|x64
		{EEC8A035-33B2-BF3E-5D99-9DBABD7DE906}.Jingzhou_D_040506|x64.Build.0 = Release|x64
		{EEC8A035-33B2-BF3E-5D99-9DBABD7DE906}.Jingzhou_D_070809|Win32.ActiveCfg = Release|Win32
		{EEC8A035-33B2-BF3E-5D99-9DBABD7DE906}.Jingzhou_D_070809|Win32.Build.0 = Release|Win32
		{EEC8A035-33B2-BF3E-5D99-9DBABD7DE906}.Jingzhou_D_070809|x64.ActiveCfg = Release|x64
		{EEC8A035-33B2-BF3E-5D99-9DBABD7DE906}.Jingzhou_D_070809|x64.Build.0 = Release|x64
		{EEC8A035-33B2-BF3E-5D99-9DBABD7DE906}.JIUHUA_D_040506|Win32.ActiveCfg = Release|Win32
		{EEC8A035-33B2-BF3E-5D99-9DBABD7DE906}.JIUHUA_D_040506|Win32.Build.0 = Release|Win32
		{EEC8A035-33B2-BF3E-5D99-9DBABD7DE906}.JIUHUA_D_040506|x64.ActiveCfg = Release|x64
		{EEC8A035-33B2-BF3E-5D99-9DBABD7DE906}.JIUHUA_D_040506|x64.Build.0 = Release|x64
		{EEC8A035-33B2-BF3E-5D99-9DBABD7DE906}.JIUHUA_R_040506|Win32.ActiveCfg = Release|Win32
		{EEC8A035-33B2-BF3E-5D99-9DBABD7DE906}.JIUHUA_R_040506|Win32.Build.0 = Release|Win32
		{EEC8A035-33B2-BF3E-5D99-9DBABD7DE906}.JIUHUA_R_040506|x64.ActiveCfg = Release|x64
		{EEC8A035-33B2-BF3E-5D99-9DBABD7DE906}.JIUHUA_R_040506|x64.Build.0 = Release|x64
		{EEC8A035-33B2-BF3E-5D99-9DBABD7DE906}.R_040506_CODEMETER_xdj|Win32.ActiveCfg = R_D_101112_xdj|Win32
		{EEC8A035-33B2-BF3E-5D99-9DBABD7DE906}.R_040506_CODEMETER_xdj|Win32.Build.0 = R_D_101112_xdj|Win32
		{EEC8A035-33B2-BF3E-5D99-9DBABD7DE906}.R_040506_CODEMETER_xdj|x64.ActiveCfg = R_D_101112_xdj|x64
		{EEC8A035-33B2-BF3E-5D99-9DBABD7DE906}.R_040506_CODEMETER_xdj|x64.Build.0 = R_D_101112_xdj|x64
		{EEC8A035-33B2-BF3E-5D99-9DBABD7DE906}.R_040506_DONGGUAN_xdj|Win32.ActiveCfg = R_D_101112_xdj|Win32
		{EEC8A035-33B2-BF3E-5D99-9DBABD7DE906}.R_040506_DONGGUAN_xdj|Win32.Build.0 = R_D_101112_xdj|Win32
		{EEC8A035-33B2-BF3E-5D99-9DBABD7DE906}.R_040506_DONGGUAN_xdj|x64.ActiveCfg = R_D_101112_xdj|x64
		{EEC8A035-33B2-BF3E-5D99-9DBABD7DE906}.R_040506_DONGGUAN_xdj|x64.Build.0 = R_D_101112_xdj|x64
		{EEC8A035-33B2-BF3E-5D99-9DBABD7DE906}.R_040506_HaiNan_CBJYQ_VIRBOX_xdj|Win32.ActiveCfg = R_D_101112_xdj|Win32
		{EEC8A035-33B2-BF3E-5D99-9DBABD7DE906}.R_040506_HaiNan_CBJYQ_VIRBOX_xdj|Win32.Build.0 = R_D_101112_xdj|Win32
		{EEC8A035-33B2-BF3E-5D99-9DBABD7DE906}.R_040506_HaiNan_CBJYQ_VIRBOX_xdj|x64.ActiveCfg = R_D_101112_xdj|x64
		{EEC8A035-33B2-BF3E-5D99-9DBABD7DE906}.R_040506_HaiNan_CBJYQ_VIRBOX_xdj|x64.Build.0 = R_D_101112_xdj|x64
		{EEC8A035-33B2-BF3E-5D99-9DBABD7DE906}.R_040506_HaiNan_CBJYQ_xdj|Win32.ActiveCfg = R_D_101112_xdj|Win32
		{EEC8A035-33B2-BF3E-5D99-9DBABD7DE906}.R_040506_HaiNan_CBJYQ_xdj|Win32.Build.0 = R_D_101112_xdj|Win32
		{EEC8A035-33B2-BF3E-5D99-9DBABD7DE906}.R_040506_HaiNan_CBJYQ_xdj|x64.ActiveCfg = R_D_101112_xdj|x64
		{EEC8A035-33B2-BF3E-5D99-9DBABD7DE906}.R_040506_HaiNan_CBJYQ_xdj|x64.Build.0 = R_D_101112_xdj|x64
		{EEC8A035-33B2-BF3E-5D99-9DBABD7DE906}.R_040506_JIUHUA_xdj|Win32.ActiveCfg = R_D_101112_xdj|Win32
		{EEC8A035-33B2-BF3E-5D99-9DBABD7DE906}.R_040506_JIUHUA_xdj|Win32.Build.0 = R_D_101112_xdj|Win32
		{EEC8A035-33B2-BF3E-5D99-9DBABD7DE906}.R_040506_JIUHUA_xdj|x64.ActiveCfg = R_D_101112_xdj|x64
		{EEC8A035-33B2-BF3E-5D99-9DBABD7DE906}.R_040506_JIUHUA_xdj|x64.Build.0 = R_D_101112_xdj|x64
		{EEC8A035-33B2-BF3E-5D99-9DBABD7DE906}.R_D_101112_xdj|Win32.ActiveCfg = R_D_101112_xdj|Win32
		{EEC8A035-33B2-BF3E-5D99-9DBABD7DE906}.R_D_101112_xdj|Win32.Build.0 = R_D_101112_xdj|Win32
		{EEC8A035-33B2-BF3E-5D99-9DBABD7DE906}.R_D_101112_xdj|x64.ActiveCfg = R_D_101112_xdj|x64
		{EEC8A035-33B2-BF3E-5D99-9DBABD7DE906}.R_D_101112_xdj|x64.Build.0 = R_D_101112_xdj|x64
		{EEC8A035-33B2-BF3E-5D99-9DBABD7DE906}.R_ZW_2015+_NET_xdj|Win32.ActiveCfg = R_D_101112_xdj|Win32
		{EEC8A035-33B2-BF3E-5D99-9DBABD7DE906}.R_ZW_2015+_NET_xdj|Win32.Build.0 = R_D_101112_xdj|Win32
		{EEC8A035-33B2-BF3E-5D99-9DBABD7DE906}.R_ZW_2015+_NET_xdj|x64.ActiveCfg = R_D_101112_xdj|x64
		{EEC8A035-33B2-BF3E-5D99-9DBABD7DE906}.R_ZW_2015+_NET_xdj|x64.Build.0 = R_D_101112_xdj|x64
		{EEC8A035-33B2-BF3E-5D99-9DBABD7DE906}.Release_040506_CBJYQ_JJB_VIRBOX_xdj|Win32.ActiveCfg = Release_040506|Win32
		{EEC8A035-33B2-BF3E-5D99-9DBABD7DE906}.Release_040506_CBJYQ_JJB_VIRBOX_xdj|Win32.Build.0 = Release_040506|Win32
		{EEC8A035-33B2-BF3E-5D99-9DBABD7DE906}.Release_040506_CBJYQ_JJB_VIRBOX_xdj|x64.ActiveCfg = Release_040506|x64
		{EEC8A035-33B2-BF3E-5D99-9DBABD7DE906}.Release_040506_CBJYQ_JJB_VIRBOX_xdj|x64.Build.0 = Release_040506|x64
		{EEC8A035-33B2-BF3E-5D99-9DBABD7DE906}.Release_040506_CBJYQ_VIRBOX_NET_xdj|Win32.ActiveCfg = Release_040506|Win32
		{EEC8A035-33B2-BF3E-5D99-9DBABD7DE906}.Release_040506_CBJYQ_VIRBOX_NET_xdj|Win32.Build.0 = Release_040506|Win32
		{EEC8A035-33B2-BF3E-5D99-9DBABD7DE906}.Release_040506_CBJYQ_VIRBOX_NET_xdj|x64.ActiveCfg = Release_040506|x64
		{EEC8A035-33B2-BF3E-5D99-9DBABD7DE906}.Release_040506_CBJYQ_VIRBOX_NET_xdj|x64.Build.0 = Release_040506|x64
		{EEC8A035-33B2-BF3E-5D99-9DBABD7DE906}.Release_040506_CBJYQ_VIRBOX_xdj|Win32.ActiveCfg = Release_040506|Win32
		{EEC8A035-33B2-BF3E-5D99-9DBABD7DE906}.Release_040506_CBJYQ_VIRBOX_xdj|Win32.Build.0 = Release_040506|Win32
		{EEC8A035-33B2-BF3E-5D99-9DBABD7DE906}.Release_040506_CBJYQ_VIRBOX_xdj|x64.ActiveCfg = Release_040506|x64
		{EEC8A035-33B2-BF3E-5D99-9DBABD7DE906}.Release_040506_CBJYQ_VIRBOX_xdj|x64.Build.0 = Release_040506|x64
		{EEC8A035-33B2-BF3E-5D99-9DBABD7DE906}.Release_040506_CBJYQ_xdj|Win32.ActiveCfg = Release_040506|Win32
		{EEC8A035-33B2-BF3E-5D99-9DBABD7DE906}.Release_040506_CBJYQ_xdj|Win32.Build.0 = Release_040506|Win32
		{EEC8A035-33B2-BF3E-5D99-9DBABD7DE906}.Release_040506_CBJYQ_xdj|x64.ActiveCfg = Release_040506|x64
		{EEC8A035-33B2-BF3E-5D99-9DBABD7DE906}.Release_040506_CBJYQ_xdj|x64.Build.0 = Release_040506|x64
		{EEC8A035-33B2-BF3E-5D99-9DBABD7DE906}.Release_040506_GUANGDONG_CBJYQ_VIRBOX_xdj|Win32.ActiveCfg = Release_040506|Win32
		{EEC8A035-33B2-BF3E-5D99-9DBABD7DE906}.Release_040506_GUANGDONG_CBJYQ_VIRBOX_xdj|Win32.Build.0 = Release_040506|Win32
		{EEC8A035-33B2-BF3E-5D99-9DBABD7DE906}.Release_040506_GUANGDONG_CBJYQ_VIRBOX_xdj|x64.ActiveCfg = Release_040506|x64
		{EEC8A035-33B2-BF3E-5D99-9DBABD7DE906}.Release_040506_GUANGDONG_CBJYQ_VIRBOX_xdj|x64.Build.0 = Release_040506|x64
		{EEC8A035-33B2-BF3E-5D99-9DBABD7DE906}.Release_040506_GUANGDONG_CBJYQ_xdj|Win32.ActiveCfg = Release_040506|Win32
		{EEC8A035-33B2-BF3E-5D99-9DBABD7DE906}.Release_040506_GUANGDONG_CBJYQ_xdj|Win32.Build.0 = Release_040506|Win32
		{EEC8A035-33B2-BF3E-5D99-9DBABD7DE906}.Release_040506_GUANGDONG_CBJYQ_xdj|x64.ActiveCfg = Release_040506|x64
		{EEC8A035-33B2-BF3E-5D99-9DBABD7DE906}.Release_040506_GUANGDONG_CBJYQ_xdj|x64.Build.0 = Release_040506|x64
		{EEC8A035-33B2-BF3E-5D99-9DBABD7DE906}.Release_040506_HAERBIN_CBJYQ_NET_VIRBOX_xdj|Win32.ActiveCfg = Release_040506|Win32
		{EEC8A035-33B2-BF3E-5D99-9DBABD7DE906}.Release_040506_HAERBIN_CBJYQ_NET_VIRBOX_xdj|Win32.Build.0 = Release_040506|Win32
		{EEC8A035-33B2-BF3E-5D99-9DBABD7DE906}.Release_040506_HAERBIN_CBJYQ_NET_VIRBOX_xdj|x64.ActiveCfg = Release_040506|x64
		{EEC8A035-33B2-BF3E-5D99-9DBABD7DE906}.Release_040506_HAERBIN_CBJYQ_NET_VIRBOX_xdj|x64.Build.0 = Release_040506|x64
		{EEC8A035-33B2-BF3E-5D99-9DBABD7DE906}.Release_040506_HaErBin_CBJYQ_VIRBOX_xdj|Win32.ActiveCfg = Release_040506|Win32
		{EEC8A035-33B2-BF3E-5D99-9DBABD7DE906}.Release_040506_HaErBin_CBJYQ_VIRBOX_xdj|Win32.Build.0 = Release_040506|Win32
		{EEC8A035-33B2-BF3E-5D99-9DBABD7DE906}.Release_040506_HaErBin_CBJYQ_VIRBOX_xdj|x64.ActiveCfg = Release_040506|x64
		{EEC8A035-33B2-BF3E-5D99-9DBABD7DE906}.Release_040506_HaErBin_CBJYQ_VIRBOX_xdj|x64.Build.0 = Release_040506|x64
		{EEC8A035-33B2-BF3E-5D99-9DBABD7DE906}.Release_040506_HB_CBJYQ_VIRBOX_xdj|Win32.ActiveCfg = Release_040506|Win32
		{EEC8A035-33B2-BF3E-5D99-9DBABD7DE906}.Release_040506_HB_CBJYQ_VIRBOX_xdj|Win32.Build.0 = Release_040506|Win32
		{EEC8A035-33B2-BF3E-5D99-9DBABD7DE906}.Release_040506_HB_CBJYQ_VIRBOX_xdj|x64.ActiveCfg = Release_040506|x64
		{EEC8A035-33B2-BF3E-5D99-9DBABD7DE906}.Release_040506_HB_CBJYQ_VIRBOX_xdj|x64.Build.0 = Release_040506|x64
		{EEC8A035-33B2-BF3E-5D99-9DBABD7DE906}.Release_040506_xdj|Win32.ActiveCfg = Release_040506|Win32
		{EEC8A035-33B2-BF3E-5D99-9DBABD7DE906}.Release_040506_xdj|Win32.Build.0 = Release_040506|Win32
		{EEC8A035-33B2-BF3E-5D99-9DBABD7DE906}.Release_040506_xdj|x64.ActiveCfg = Release_040506|x64
		{EEC8A035-33B2-BF3E-5D99-9DBABD7DE906}.Release_040506_xdj|x64.Build.0 = Release_040506|x64
		{EEC8A035-33B2-BF3E-5D99-9DBABD7DE906}.Release_040506|Win32.ActiveCfg = Release_040506|Win32
		{EEC8A035-33B2-BF3E-5D99-9DBABD7DE906}.Release_040506|Win32.Build.0 = Release_040506|Win32
		{EEC8A035-33B2-BF3E-5D99-9DBABD7DE906}.Release_040506|x64.ActiveCfg = Release_040506|x64
		{EEC8A035-33B2-BF3E-5D99-9DBABD7DE906}.Release_040506|x64.Build.0 = Release_040506|x64
		{EEC8A035-33B2-BF3E-5D99-9DBABD7DE906}.Release_101112_CODEMETER_xdj|Win32.ActiveCfg = Release_101112_CODEMETER|Win32
		{EEC8A035-33B2-BF3E-5D99-9DBABD7DE906}.Release_101112_CODEMETER_xdj|Win32.Build.0 = Release_101112_CODEMETER|Win32
		{EEC8A035-33B2-BF3E-5D99-9DBABD7DE906}.Release_101112_CODEMETER_xdj|x64.ActiveCfg = Release_101112_CODEMETER|x64
		{EEC8A035-33B2-BF3E-5D99-9DBABD7DE906}.Release_101112_CODEMETER_xdj|x64.Build.0 = Release_101112_CODEMETER|x64
		{EEC8A035-33B2-BF3E-5D99-9DBABD7DE906}.Release_101112_CODEMETER|Win32.ActiveCfg = Release_101112_CODEMETER|Win32
		{EEC8A035-33B2-BF3E-5D99-9DBABD7DE906}.Release_101112_CODEMETER|Win32.Build.0 = Release_101112_CODEMETER|Win32
		{EEC8A035-33B2-BF3E-5D99-9DBABD7DE906}.Release_101112_CODEMETER|x64.ActiveCfg = Release_101112_CODEMETER|x64
		{EEC8A035-33B2-BF3E-5D99-9DBABD7DE906}.Release_101112_CODEMETER|x64.Build.0 = Release_101112_CODEMETER|x64
		{EEC8A035-33B2-BF3E-5D99-9DBABD7DE906}.Release_101112_NET|Win32.ActiveCfg = Release_101112_NET|Win32
		{EEC8A035-33B2-BF3E-5D99-9DBABD7DE906}.Release_101112_NET|Win32.Build.0 = Release_101112_NET|Win32
		{EEC8A035-33B2-BF3E-5D99-9DBABD7DE906}.Release_101112_NET|x64.ActiveCfg = Release_101112_NET|x64
		{EEC8A035-33B2-BF3E-5D99-9DBABD7DE906}.Release_101112_NET|x64.Build.0 = Release_101112_NET|x64
		{EEC8A035-33B2-BF3E-5D99-9DBABD7DE906}.Release_101112_xdj|Win32.ActiveCfg = Release_101112_NET|Win32
		{EEC8A035-33B2-BF3E-5D99-9DBABD7DE906}.Release_101112_xdj|Win32.Build.0 = Release_101112_NET|Win32
		{EEC8A035-33B2-BF3E-5D99-9DBABD7DE906}.Release_101112_xdj|x64.ActiveCfg = Release_101112_NET|x64
		{EEC8A035-33B2-BF3E-5D99-9DBABD7DE906}.Release_101112_xdj|x64.Build.0 = Release_101112_NET|x64
		{EEC8A035-33B2-BF3E-5D99-9DBABD7DE906}.Release_101112|Win32.ActiveCfg = Release_101112|Win32
		{EEC8A035-33B2-BF3E-5D99-9DBABD7DE906}.Release_101112|Win32.Build.0 = Release_101112|Win32
		{EEC8A035-33B2-BF3E-5D99-9DBABD7DE906}.Release_101112|x64.ActiveCfg = Release_101112|x64
		{EEC8A035-33B2-BF3E-5D99-9DBABD7DE906}.Release_101112|x64.Build.0 = Release_101112|x64
		{EEC8A035-33B2-BF3E-5D99-9DBABD7DE906}.Release|Win32.ActiveCfg = Release|Win32
		{EEC8A035-33B2-BF3E-5D99-9DBABD7DE906}.Release|Win32.Build.0 = Release|Win32
		{EEC8A035-33B2-BF3E-5D99-9DBABD7DE906}.Release|x64.ActiveCfg = Release|x64
		{EEC8A035-33B2-BF3E-5D99-9DBABD7DE906}.Release|x64.Build.0 = Release|x64
		{EEC8A035-33B2-BF3E-5D99-9DBABD7DE906}.shenzhen_040506|Win32.ActiveCfg = Release|Win32
		{EEC8A035-33B2-BF3E-5D99-9DBABD7DE906}.shenzhen_040506|Win32.Build.0 = Release|Win32
		{EEC8A035-33B2-BF3E-5D99-9DBABD7DE906}.shenzhen_040506|x64.ActiveCfg = Release|x64
		{EEC8A035-33B2-BF3E-5D99-9DBABD7DE906}.shenzhen_040506|x64.Build.0 = Release|x64
		{EEC8A035-33B2-BF3E-5D99-9DBABD7DE906}.shenzhen_R_040506|Win32.ActiveCfg = Release|Win32
		{EEC8A035-33B2-BF3E-5D99-9DBABD7DE906}.shenzhen_R_040506|Win32.Build.0 = Release|Win32
		{EEC8A035-33B2-BF3E-5D99-9DBABD7DE906}.shenzhen_R_040506|x64.ActiveCfg = Release|x64
		{EEC8A035-33B2-BF3E-5D99-9DBABD7DE906}.shenzhen_R_040506|x64.Build.0 = Release|x64
		{EEC8A035-33B2-BF3E-5D99-9DBABD7DE906}.Zhengzhou_D_040506|Win32.ActiveCfg = Release|Win32
		{EEC8A035-33B2-BF3E-5D99-9DBABD7DE906}.Zhengzhou_D_040506|Win32.Build.0 = Release|Win32
		{EEC8A035-33B2-BF3E-5D99-9DBABD7DE906}.Zhengzhou_D_040506|x64.ActiveCfg = Release|x64
		{EEC8A035-33B2-BF3E-5D99-9DBABD7DE906}.Zhengzhou_D_040506|x64.Build.0 = Release|x64
		{EEC8A035-33B2-BF3E-5D99-9DBABD7DE906}.Zhengzhou_R_1314_CODEMETER_xdj|Win32.ActiveCfg = Release|Win32
		{EEC8A035-33B2-BF3E-5D99-9DBABD7DE906}.Zhengzhou_R_1314_CODEMETER_xdj|Win32.Build.0 = Release|Win32
		{EEC8A035-33B2-BF3E-5D99-9DBABD7DE906}.Zhengzhou_R_1314_CODEMETER_xdj|x64.ActiveCfg = Release|x64
		{EEC8A035-33B2-BF3E-5D99-9DBABD7DE906}.Zhengzhou_R_1314_CODEMETER_xdj|x64.Build.0 = Release|x64
		{EEC8A035-33B2-BF3E-5D99-9DBABD7DE906}.Zhengzhou_R_1314_VIRBOX_xdj|Win32.ActiveCfg = Release|Win32
		{EEC8A035-33B2-BF3E-5D99-9DBABD7DE906}.Zhengzhou_R_1314_VIRBOX_xdj|Win32.Build.0 = Release|Win32
		{EEC8A035-33B2-BF3E-5D99-9DBABD7DE906}.Zhengzhou_R_1314_VIRBOX_xdj|x64.ActiveCfg = Release|x64
		{EEC8A035-33B2-BF3E-5D99-9DBABD7DE906}.Zhengzhou_R_1314_VIRBOX_xdj|x64.Build.0 = Release|x64
		{EEC8A035-33B2-BF3E-5D99-9DBABD7DE906}.Zhengzhou_R_1314|Win32.ActiveCfg = Release|Win32
		{EEC8A035-33B2-BF3E-5D99-9DBABD7DE906}.Zhengzhou_R_1314|Win32.Build.0 = Release|Win32
		{EEC8A035-33B2-BF3E-5D99-9DBABD7DE906}.Zhengzhou_R_1314|x64.ActiveCfg = Release|x64
		{EEC8A035-33B2-BF3E-5D99-9DBABD7DE906}.Zhengzhou_R_1314|x64.Build.0 = Release|x64
	EndGlobalSection
	GlobalSection(SolutionProperties) = preSolution
		HideSolutionNode = FALSE
	EndGlobalSection
EndGlobal
